{
    "_readme": [
        "This file locks the dependencies of your project to a known state",
        "Read more about it at https://getcomposer.org/doc/01-basic-usage.md#composer-lock-the-lock-file",
        "This file is @generated automatically"
    ],
    "content-hash": "2163c9360651acfa98a92e48a7fbb7f2",
    "packages": [
        {
            "name": "nikic/php-parser",
            "version": "dev-skripsi",
            "source": {
                "type": "git",
                "url": "https://github.com/kevnath/PHP-Parser.git",
                "reference": "ce2b8dbb5d474ddd9934f56ea8772f13640408a5"
            },
            "dist": {
                "type": "zip",
                "url": "https://api.github.com/repos/kevnath/PHP-Parser/zipball/ce2b8dbb5d474ddd9934f56ea8772f13640408a5",
                "reference": "ce2b8dbb5d474ddd9934f56ea8772f13640408a5",
                "shasum": ""
            },
            "require": {
                "ext-tokenizer": "*",
                "php": ">=5.5"
            },
            "require-dev": {
                "phpunit/phpunit": "~4.0|~5.0"
            },
            "bin": [
                "bin/php-parse"
            ],
            "type": "library",
            "extra": {
                "branch-alias": {
                    "dev-master": "3.0-dev"
                }
            },
            "autoload": {
                "psr-4": {
                    "PhpParser\\": "lib/PhpParser"
                }
            },
            "license": [
                "BSD-3-Clause"
            ],
            "authors": [
                {
                    "name": "Nikita Popov"
                }
            ],
            "description": "A PHP parser written in PHP",
            "keywords": [
                "parser",
                "php"
            ],
            "support": {
                "source": "https://github.com/kevnath/PHP-Parser/tree/skripsi"
            },
            "time": "2018-01-11T07:44:53+00:00"
        }
    ],
    "packages-dev": [],
    "aliases": [],
    "minimum-stability": "stable",
    "stability-flags": {
        "nikic/php-parser": 20
    },
    "prefer-stable": false,
    "prefer-lowest": false,
    "platform": [],
    "platform-dev": []
}
